{
  "version": 4,
  "terraform_version": "1.12.1",
  "serial": 1,
  "lineage": "213cbc9f-e5f2-7dc4-3323-ae72da005aa4",
  "outputs": {
    "cluster_name": {
      "value": "autopilot-cluster-1",
      "type": "string"
    },
    "connect_to_cluster": {
      "value": "gcloud container clusters get-credentials autopilot-cluster-1 --region us-central1 --project orbital-builder-454706-h5",
      "type": "string"
    }
  },
  "resources": [
    {
      "mode": "managed",
      "type": "google_container_cluster",
      "name": "autopilot",
      "provider": "provider[\"registry.terraform.io/hashicorp/google\"]",
      "instances": [
        {
          "schema_version": 2,
          "attributes": {
            "addons_config": null,
            "allow_net_admin": null,
            "anonymous_authentication_config": null,
            "authenticator_groups_config": null,
            "binary_authorization": [
              {
                "enabled": false,
                "evaluation_mode": "DISABLED"
              }
            ],
            "cluster_autoscaling": null,
            "cluster_ipv4_cidr": null,
            "confidential_nodes": null,
            "control_plane_endpoints_config": null,
            "cost_management_config": null,
            "database_encryption": null,
            "datapath_provider": null,
            "default_max_pods_per_node": null,
            "default_snat_status": null,
            "deletion_protection": false,
            "description": null,
            "disable_l4_lb_firewall_reconciliation": false,
            "dns_config": [],
            "effective_labels": {
              "goog-terraform-provisioned": "true"
            },
            "enable_autopilot": true,
            "enable_cilium_clusterwide_network_policy": false,
            "enable_fqdn_network_policy": false,
            "enable_intranode_visibility": true,
            "enable_k8s_beta_apis": [],
            "enable_kubernetes_alpha": false,
            "enable_l4_ilb_subsetting": false,
            "enable_legacy_abac": false,
            "enable_multi_networking": false,
            "enable_shielded_nodes": true,
            "enable_tpu": null,
            "endpoint": null,
            "enterprise_config": null,
            "fleet": [],
            "gateway_api_config": null,
            "gke_auto_upgrade_config": null,
            "id": "projects/orbital-builder-454706-h5/locations/us-central1/clusters/autopilot-cluster-1",
            "identity_service_config": null,
            "in_transit_encryption_config": null,
            "initial_node_count": null,
            "ip_allocation_policy": [
              {
                "additional_ip_ranges_config": [],
                "additional_pod_ranges_config": [],
                "auto_ipam_config": [],
                "cluster_ipv4_cidr_block": "/17",
                "cluster_secondary_range_name": "",
                "network_tier_config": [],
                "pod_cidr_overprovision_config": [],
                "services_ipv4_cidr_block": "",
                "services_secondary_range_name": "",
                "stack_type": "IPV4"
              }
            ],
            "label_fingerprint": null,
            "location": "us-central1",
            "logging_config": null,
            "logging_service": null,
            "maintenance_policy": [],
            "master_auth": null,
            "master_authorized_networks_config": null,
            "master_version": null,
            "mesh_certificates": null,
            "min_master_version": null,
            "monitoring_config": null,
            "monitoring_service": null,
            "name": "autopilot-cluster-1",
            "network": "projects/orbital-builder-454706-h5/global/networks/default",
            "network_performance_config": [],
            "network_policy": [],
            "networking_mode": "VPC_NATIVE",
            "node_config": null,
            "node_locations": [],
            "node_pool": null,
            "node_pool_auto_config": null,
            "node_pool_defaults": null,
            "node_version": null,
            "notification_config": null,
            "operation": "operation-1765122305205-847e0cc0-29b8-494b-93de-b793de84df90",
            "pod_autoscaling": null,
            "private_cluster_config": [],
            "private_ipv6_google_access": null,
            "project": null,
            "rbac_binding_config": null,
            "release_channel": [
              {
                "channel": "REGULAR"
              }
            ],
            "remove_default_node_pool": null,
            "resource_labels": null,
            "resource_usage_export_config": [],
            "secret_manager_config": [],
            "security_posture_config": null,
            "self_link": null,
            "service_external_ips_config": null,
            "services_ipv4_cidr": null,
            "subnetwork": "projects/orbital-builder-454706-h5/regions/us-central1/subnetworks/default",
            "terraform_labels": {
              "goog-terraform-provisioned": "true"
            },
            "timeouts": null,
            "tpu_ipv4_cidr_block": null,
            "user_managed_keys_config": [],
            "vertical_pod_autoscaling": null,
            "workload_identity_config": null
          },
          "sensitive_attributes": [],
          "identity_schema_version": 0,
          "private": "eyJlMmJmYjczMC1lY2FhLTExZTYtOGY4OC0zNDM2M2JjN2M0YzAiOnsiY3JlYXRlIjoyNDAwMDAwMDAwMDAwLCJkZWxldGUiOjI0MDAwMDAwMDAwMDAsInJlYWQiOjI0MDAwMDAwMDAwMDAsInVwZGF0ZSI6MzYwMDAwMDAwMDAwMH0sInNjaGVtYV92ZXJzaW9uIjoiMiJ9"
        }
      ]
    }
  ],
  "check_results": null
}
